// !$*UTF8*$!
{
	archiveVersion = 1;
	classes = {
	};
	objectVersion = 48;
	objects = {

/* Begin PBXBuildFile section */
		1C72172CE3051AB865DC9074 /* Pods_Uber.framework in Frameworks */ = {isa = PBXBuildFile; fileRef = 7513653FA43CA1C2722F7BBB /* Pods_Uber.framework */; };
		B7B778C71F83B48F000287CC /* AppDelegate.swift in Sources */ = {isa = PBXBuildFile; fileRef = B7B778C61F83B48F000287CC /* AppDelegate.swift */; };
		B7B778C91F83B48F000287CC /* LoginVC.swift in Sources */ = {isa = PBXBuildFile; fileRef = B7B778C81F83B48F000287CC /* LoginVC.swift */; };
		B7B778CC1F83B48F000287CC /* Main.storyboard in Resources */ = {isa = PBXBuildFile; fileRef = B7B778CA1F83B48F000287CC /* Main.storyboard */; };
		B7B778CE1F83B48F000287CC /* Assets.xcassets in Resources */ = {isa = PBXBuildFile; fileRef = B7B778CD1F83B48F000287CC /* Assets.xcassets */; };
		B7B778D11F83B48F000287CC /* LaunchScreen.storyboard in Resources */ = {isa = PBXBuildFile; fileRef = B7B778CF1F83B48F000287CC /* LaunchScreen.storyboard */; };
		B7B778D91F83B4D6000287CC /* GoogleService-Info.plist in Resources */ = {isa = PBXBuildFile; fileRef = B7B778D81F83B4D2000287CC /* GoogleService-Info.plist */; };
		B7B778DB1F8404B7000287CC /* RiderVC.swift in Sources */ = {isa = PBXBuildFile; fileRef = B7B778DA1F8404B7000287CC /* RiderVC.swift */; };
		B7B778DD1F840A71000287CC /* DataBaseFieldsNames.swift in Sources */ = {isa = PBXBuildFile; fileRef = B7B778DC1F840A71000287CC /* DataBaseFieldsNames.swift */; };
		B7B778DF1F841960000287CC /* StringsConstants.swift in Sources */ = {isa = PBXBuildFile; fileRef = B7B778DE1F841960000287CC /* StringsConstants.swift */; };
		B7B778E11F84E8E2000287CC /* DriverTVC.swift in Sources */ = {isa = PBXBuildFile; fileRef = B7B778E01F84E8E2000287CC /* DriverTVC.swift */; };
/* End PBXBuildFile section */

/* Begin PBXFileReference section */
		6B8121F8218D3E78C73C0F46 /* Pods-Uber.debug.xcconfig */ = {isa = PBXFileReference; includeInIndex = 1; lastKnownFileType = text.xcconfig; name = "Pods-Uber.debug.xcconfig"; path = "Pods/Target Support Files/Pods-Uber/Pods-Uber.debug.xcconfig"; sourceTree = "<group>"; };
		7513653FA43CA1C2722F7BBB /* Pods_Uber.framework */ = {isa = PBXFileReference; explicitFileType = wrapper.framework; includeInIndex = 0; path = Pods_Uber.framework; sourceTree = BUILT_PRODUCTS_DIR; };
		B7B778C31F83B48F000287CC /* Uber.app */ = {isa = PBXFileReference; explicitFileType = wrapper.application; includeInIndex = 0; path = Uber.app; sourceTree = BUILT_PRODUCTS_DIR; };
		B7B778C61F83B48F000287CC /* AppDelegate.swift */ = {isa = PBXFileReference; lastKnownFileType = sourcecode.swift; path = AppDelegate.swift; sourceTree = "<group>"; };
		B7B778C81F83B48F000287CC /* LoginVC.swift */ = {isa = PBXFileReference; lastKnownFileType = sourcecode.swift; path = LoginVC.swift; sourceTree = "<group>"; };
		B7B778CB1F83B48F000287CC /* Base */ = {isa = PBXFileReference; lastKnownFileType = file.storyboard; name = Base; path = Base.lproj/Main.storyboard; sourceTree = "<group>"; };
		B7B778CD1F83B48F000287CC /* Assets.xcassets */ = {isa = PBXFileReference; lastKnownFileType = folder.assetcatalog; path = Assets.xcassets; sourceTree = "<group>"; };
		B7B778D01F83B48F000287CC /* Base */ = {isa = PBXFileReference; lastKnownFileType = file.storyboard; name = Base; path = Base.lproj/LaunchScreen.storyboard; sourceTree = "<group>"; };
		B7B778D21F83B48F000287CC /* Info.plist */ = {isa = PBXFileReference; lastKnownFileType = text.plist.xml; path = Info.plist; sourceTree = "<group>"; };
		B7B778D81F83B4D2000287CC /* GoogleService-Info.plist */ = {isa = PBXFileReference; lastKnownFileType = text.plist.xml; path = "GoogleService-Info.plist"; sourceTree = "<group>"; };
		B7B778DA1F8404B7000287CC /* RiderVC.swift */ = {isa = PBXFileReference; lastKnownFileType = sourcecode.swift; path = RiderVC.swift; sourceTree = "<group>"; };
		B7B778DC1F840A71000287CC /* DataBaseFieldsNames.swift */ = {isa = PBXFileReference; lastKnownFileType = sourcecode.swift; path = DataBaseFieldsNames.swift; sourceTree = "<group>"; };
		B7B778DE1F841960000287CC /* StringsConstants.swift */ = {isa = PBXFileReference; lastKnownFileType = sourcecode.swift; path = StringsConstants.swift; sourceTree = "<group>"; };
		B7B778E01F84E8E2000287CC /* DriverTVC.swift */ = {isa = PBXFileReference; lastKnownFileType = sourcecode.swift; path = DriverTVC.swift; sourceTree = "<group>"; };
		F3750E61174011E4A12EA9B1 /* Pods-Uber.release.xcconfig */ = {isa = PBXFileReference; includeInIndex = 1; lastKnownFileType = text.xcconfig; name = "Pods-Uber.release.xcconfig"; path = "Pods/Target Support Files/Pods-Uber/Pods-Uber.release.xcconfig"; sourceTree = "<group>"; };
/* End PBXFileReference section */

/* Begin PBXFrameworksBuildPhase section */
		B7B778C01F83B48F000287CC /* Frameworks */ = {
			isa = PBXFrameworksBuildPhase;
			buildActionMask = 2147483647;
			files = (
				1C72172CE3051AB865DC9074 /* Pods_Uber.framework in Frameworks */,
			);
			runOnlyForDeploymentPostprocessing = 0;
		};
/* End PBXFrameworksBuildPhase section */

/* Begin PBXGroup section */
		1605A5F30B92685CBB555E0D /* Pods */ = {
			isa = PBXGroup;
			children = (
				6B8121F8218D3E78C73C0F46 /* Pods-Uber.debug.xcconfig */,
				F3750E61174011E4A12EA9B1 /* Pods-Uber.release.xcconfig */,
			);
			name = Pods;
			sourceTree = "<group>";
		};
		4A39190EB55FE6663CE72C74 /* Frameworks */ = {
			isa = PBXGroup;
			children = (
				7513653FA43CA1C2722F7BBB /* Pods_Uber.framework */,
			);
			name = Frameworks;
			sourceTree = "<group>";
		};
		B7B778BA1F83B48F000287CC = {
			isa = PBXGroup;
			children = (
				B7B778C51F83B48F000287CC /* Uber */,
				B7B778C41F83B48F000287CC /* Products */,
				1605A5F30B92685CBB555E0D /* Pods */,
				4A39190EB55FE6663CE72C74 /* Frameworks */,
			);
			sourceTree = "<group>";
		};
		B7B778C41F83B48F000287CC /* Products */ = {
			isa = PBXGroup;
			children = (
				B7B778C31F83B48F000287CC /* Uber.app */,
			);
			name = Products;
			sourceTree = "<group>";
		};
		B7B778C51F83B48F000287CC /* Uber */ = {
			isa = PBXGroup;
			children = (
				B7B778E31F84E8F7000287CC /* Helpers */,
				B7B778E21F84E8E9000287CC /* Controller */,
				B7B778C61F83B48F000287CC /* AppDelegate.swift */,
				B7B778CA1F83B48F000287CC /* Main.storyboard */,
				B7B778CD1F83B48F000287CC /* Assets.xcassets */,
				B7B778CF1F83B48F000287CC /* LaunchScreen.storyboard */,
				B7B778D21F83B48F000287CC /* Info.plist */,
				B7B778D81F83B4D2000287CC /* GoogleService-Info.plist */,
			);
			path = Uber;
			sourceTree = "<group>";
		};
		B7B778E21F84E8E9000287CC /* Controller */ = {
			isa = PBXGroup;
			children = (
				B7B778C81F83B48F000287CC /* LoginVC.swift */,
				B7B778DA1F8404B7000287CC /* RiderVC.swift */,
				B7B778E01F84E8E2000287CC /* DriverTVC.swift */,
			);
			path = Controller;
			sourceTree = "<group>";
		};
		B7B778E31F84E8F7000287CC /* Helpers */ = {
			isa = PBXGroup;
			children = (
				B7B778DC1F840A71000287CC /* DataBaseFieldsNames.swift */,
				B7B778DE1F841960000287CC /* StringsConstants.swift */,
			);
			path = Helpers;
			sourceTree = "<group>";
		};
/* End PBXGroup section */

/* Begin PBXNativeTarget section */
		B7B778C21F83B48F000287CC /* Uber */ = {
			isa = PBXNativeTarget;
			buildConfigurationList = B7B778D51F83B48F000287CC /* Build configuration list for PBXNativeTarget "Uber" */;
			buildPhases = (
				92A2058D738178AAF2ECE33D /* [CP] Check Pods Manifest.lock */,
				B7B778BF1F83B48F000287CC /* Sources */,
				B7B778C01F83B48F000287CC /* Frameworks */,
				B7B778C11F83B48F000287CC /* Resources */,
				B9737F8C5A0735889F448842 /* [CP] Embed Pods Frameworks */,
				7DADE356733826E13B1DDC3F /* [CP] Copy Pods Resources */,
			);
			buildRules = (
			);
			dependencies = (
			);
			name = Uber;
			productName = Uber;
			productReference = B7B778C31F83B48F000287CC /* Uber.app */;
			productType = "com.apple.product-type.application";
		};
/* End PBXNativeTarget section */

/* Begin PBXProject section */
		B7B778BB1F83B48F000287CC /* Project object */ = {
			isa = PBXProject;
			attributes = {
				LastSwiftUpdateCheck = 0900;
				LastUpgradeCheck = 0900;
				ORGANIZATIONNAME = "Fomin Nickolai";
				TargetAttributes = {
					B7B778C21F83B48F000287CC = {
						CreatedOnToolsVersion = 9.0;
						ProvisioningStyle = Automatic;
					};
				};
			};
			buildConfigurationList = B7B778BE1F83B48F000287CC /* Build configuration list for PBXProject "Uber" */;
			compatibilityVersion = "Xcode 8.0";
			developmentRegion = en;
			hasScannedForEncodings = 0;
			knownRegions = (
				en,
				Base,
			);
			mainGroup = B7B778BA1F83B48F000287CC;
			productRefGroup = B7B778C41F83B48F000287CC /* Products */;
			projectDirPath = "";
			projectRoot = "";
			targets = (
				B7B778C21F83B48F000287CC /* Uber */,
			);
		};
/* End PBXProject section */

/* Begin PBXResourcesBuildPhase section */
		B7B778C11F83B48F000287CC /* Resources */ = {
			isa = PBXResourcesBuildPhase;
			buildActionMask = 2147483647;
			files = (
				B7B778D11F83B48F000287CC /* LaunchScreen.storyboard in Resources */,
				B7B778D91F83B4D6000287CC /* GoogleService-Info.plist in Resources */,
				B7B778CE1F83B48F000287CC /* Assets.xcassets in Resources */,
				B7B778CC1F83B48F000287CC /* Main.storyboard in Resources */,
			);
			runOnlyForDeploymentPostprocessing = 0;
		};
/* End PBXResourcesBuildPhase section */

/* Begin PBXShellScriptBuildPhase section */
		7DADE356733826E13B1DDC3F /* [CP] Copy Pods Resources */ = {
			isa = PBXShellScriptBuildPhase;
			buildActionMask = 2147483647;
			files = (
			);
			inputPaths = (
			);
			name = "[CP] Copy Pods Resources";
			outputPaths = (
			);
			runOnlyForDeploymentPostprocessing = 0;
			shellPath = /bin/sh;
			shellScript = "\"${SRCROOT}/Pods/Target Support Files/Pods-Uber/Pods-Uber-resources.sh\"\n";
			showEnvVarsInLog = 0;
		};
		92A2058D738178AAF2ECE33D /* [CP] Check Pods Manifest.lock */ = {
			isa = PBXShellScriptBuildPhase;
			buildActionMask = 2147483647;
			files = (
			);
			inputPaths = (
			);
			name = "[CP] Check Pods Manifest.lock";
			outputPaths = (
			);
			runOnlyForDeploymentPostprocessing = 0;
			shellPath = /bin/sh;
			shellScript = "diff \"${PODS_ROOT}/../Podfile.lock\" \"${PODS_ROOT}/Manifest.lock\" > /dev/null\nif [ $? != 0 ] ; then\n    # print error to STDERR\n    echo \"error: The sandbox is not in sync with the Podfile.lock. Run 'pod install' or update your CocoaPods installation.\" >&2\n    exit 1\nfi\n";
			showEnvVarsInLog = 0;
		};
		B9737F8C5A0735889F448842 /* [CP] Embed Pods Frameworks */ = {
			isa = PBXShellScriptBuildPhase;
			buildActionMask = 2147483647;
			files = (
			);
			inputPaths = (
			);
			name = "[CP] Embed Pods Frameworks";
			outputPaths = (
			);
			runOnlyForDeploymentPostprocessing = 0;
			shellPath = /bin/sh;
			shellScript = "\"${SRCROOT}/Pods/Target Support Files/Pods-Uber/Pods-Uber-frameworks.sh\"\n";
			showEnvVarsInLog = 0;
		};
/* End PBXShellScriptBuildPhase section */

/* Begin PBXSourcesBuildPhase section */
		B7B778BF1F83B48F000287CC /* Sources */ = {
			isa = PBXSourcesBuildPhase;
			buildActionMask = 2147483647;
			files = (
				B7B778DD1F840A71000287CC /* DataBaseFieldsNames.swift in Sources */,
				B7B778DB1F8404B7000287CC /* RiderVC.swift in Sources */,
				B7B778DF1F841960000287CC /* StringsConstants.swift in Sources */,
				B7B778C91F83B48F000287CC /* LoginVC.swift in Sources */,
				B7B778E11F84E8E2000287CC /* DriverTVC.swift in Sources */,
				B7B778C71F83B48F000287CC /* AppDelegate.swift in Sources */,
			);
			runOnlyForDeploymentPostprocessing = 0;
		};
/* End PBXSourcesBuildPhase section */

/* Begin PBXVariantGroup section */
		B7B778CA1F83B48F000287CC /* Main.storyboard */ = {
			isa = PBXVariantGroup;
			children = (
				B7B778CB1F83B48F000287CC /* Base */,
			);
			name = Main.storyboard;
			sourceTree = "<group>";
		};
		B7B778CF1F83B48F000287CC /* LaunchScreen.storyboard */ = {
			isa = PBXVariantGroup;
			children = (
				B7B778D01F83B48F000287CC /* Base */,
			);
			name = LaunchScreen.storyboard;
			sourceTree = "<group>";
		};
/* End PBXVariantGroup section */

/* Begin XCBuildConfiguration section */
		B7B778D31F83B48F000287CC /* Debug */ = {
			isa = XCBuildConfiguration;
			buildSettings = {
				ALWAYS_SEARCH_USER_PATHS = NO;
				CLANG_ANALYZER_NONNULL = YES;
				CLANG_ANALYZER_NUMBER_OBJECT_CONVERSION = YES_AGGRESSIVE;
				CLANG_CXX_LANGUAGE_STANDARD = "gnu++14";
				CLANG_CXX_LIBRARY = "libc++";
				CLANG_ENABLE_MODULES = YES;
				CLANG_ENABLE_OBJC_ARC = YES;
				CLANG_WARN_BLOCK_CAPTURE_AUTORELEASING = YES;
				CLANG_WARN_BOOL_CONVERSION = YES;
				CLANG_WARN_COMMA = YES;
				CLANG_WARN_CONSTANT_CONVERSION = YES;
				CLANG_WARN_DIRECT_OBJC_ISA_USAGE = YES_ERROR;
				CLANG_WARN_DOCUMENTATION_COMMENTS = YES;
				CLANG_WARN_EMPTY_BODY = YES;
				CLANG_WARN_ENUM_CONVERSION = YES;
				CLANG_WARN_INFINITE_RECURSION = YES;
				CLANG_WARN_INT_CONVERSION = YES;
				CLANG_WARN_NON_LITERAL_NULL_CONVERSION = YES;
				CLANG_WARN_OBJC_LITERAL_CONVERSION = YES;
				CLANG_WARN_OBJC_ROOT_CLASS = YES_ERROR;
				CLANG_WARN_RANGE_LOOP_ANALYSIS = YES;
				CLANG_WARN_STRICT_PROTOTYPES = YES;
				CLANG_WARN_SUSPICIOUS_MOVE = YES;
				CLANG_WARN_UNGUARDED_AVAILABILITY = YES_AGGRESSIVE;
				CLANG_WARN_UNREACHABLE_CODE = YES;
				CLANG_WARN__DUPLICATE_METHOD_MATCH = YES;
				CODE_SIGN_IDENTITY = "iPhone Developer";
				COPY_PHASE_STRIP = NO;
				DEBUG_INFORMATION_FORMAT = dwarf;
				ENABLE_STRICT_OBJC_MSGSEND = YES;
				ENABLE_TESTABILITY = YES;
				GCC_C_LANGUAGE_STANDARD = gnu11;
				GCC_DYNAMIC_NO_PIC = NO;
				GCC_NO_COMMON_BLOCKS = YES;
				GCC_OPTIMIZATION_LEVEL = 0;
				GCC_PREPROCESSOR_DEFINITIONS = (
					"DEBUG=1",
					"$(inherited)",
				);
				GCC_WARN_64_TO_32_BIT_CONVERSION = YES;
				GCC_WARN_ABOUT_RETURN_TYPE = YES_ERROR;
				GCC_WARN_UNDECLARED_SELECTOR = YES;
				GCC_WARN_UNINITIALIZED_AUTOS = YES_AGGRESSIVE;
				GCC_WARN_UNUSED_FUNCTION = YES;
				GCC_WARN_UNUSED_VARIABLE = YES;
				IPHONEOS_DEPLOYMENT_TARGET = 11.0;
				MTL_ENABLE_DEBUG_INFO = YES;
				ONLY_ACTIVE_ARCH = YES;
				SDKROOT = iphoneos;
				SWIFT_ACTIVE_COMPILATION_CONDITIONS = DEBUG;
				SWIFT_OPTIMIZATION_LEVEL = "-Onone";
			};
			name = Debug;
		};
		B7B778D41F83B48F000287CC /* Release */ = {
			isa = XCBuildConfiguration;
			buildSettings = {
				ALWAYS_SEARCH_USER_PATHS = NO;
				CLANG_ANALYZER_NONNULL = YES;
				CLANG_ANALYZER_NUMBER_OBJECT_CONVERSION = YES_AGGRESSIVE;
				CLANG_CXX_LANGUAGE_STANDARD = "gnu++14";
				CLANG_CXX_LIBRARY = "libc++";
				CLANG_ENABLE_MODULES = YES;
				CLANG_ENABLE_OBJC_ARC = YES;
				CLANG_WARN_BLOCK_CAPTURE_AUTORELEASING = YES;
				CLANG_WARN_BOOL_CONVERSION = YES;
				CLANG_WARN_COMMA = YES;
				CLANG_WARN_CONSTANT_CONVERSION = YES;
				CLANG_WARN_DIRECT_OBJC_ISA_USAGE = YES_ERROR;
				CLANG_WARN_DOCUMENTATION_COMMENTS = YES;
				CLANG_WARN_EMPTY_BODY = YES;
				CLANG_WARN_ENUM_CONVERSION = YES;
				CLANG_WARN_INFINITE_RECURSION = YES;
				CLANG_WARN_INT_CONVERSION = YES;
				CLANG_WARN_NON_LITERAL_NULL_CONVERSION = YES;
				CLANG_WARN_OBJC_LITERAL_CONVERSION = YES;
				CLANG_WARN_OBJC_ROOT_CLASS = YES_ERROR;
				CLANG_WARN_RANGE_LOOP_ANALYSIS = YES;
				CLANG_WARN_STRICT_PROTOTYPES = YES;
				CLANG_WARN_SUSPICIOUS_MOVE = YES;
				CLANG_WARN_UNGUARDED_AVAILABILITY = YES_AGGRESSIVE;
				CLANG_WARN_UNREACHABLE_CODE = YES;
				CLANG_WARN__DUPLICATE_METHOD_MATCH = YES;
				CODE_SIGN_IDENTITY = "iPhone Developer";
				COPY_PHASE_STRIP = NO;
				DEBUG_INFORMATION_FORMAT = "dwarf-with-dsym";
				ENABLE_NS_ASSERTIONS = NO;
				ENABLE_STRICT_OBJC_MSGSEND = YES;
				GCC_C_LANGUAGE_STANDARD = gnu11;
				GCC_NO_COMMON_BLOCKS = YES;
				GCC_WARN_64_TO_32_BIT_CONVERSION = YES;
				GCC_WARN_ABOUT_RETURN_TYPE = YES_ERROR;
				GCC_WARN_UNDECLARED_SELECTOR = YES;
				GCC_WARN_UNINITIALIZED_AUTOS = YES_AGGRESSIVE;
				GCC_WARN_UNUSED_FUNCTION = YES;
				GCC_WARN_UNUSED_VARIABLE = YES;
				IPHONEOS_DEPLOYMENT_TARGET = 11.0;
				MTL_ENABLE_DEBUG_INFO = NO;
				SDKROOT = iphoneos;
				SWIFT_OPTIMIZATION_LEVEL = "-Owholemodule";
				VALIDATE_PRODUCT = YES;
			};
			name = Release;
		};
		B7B778D61F83B48F000287CC /* Debug */ = {
			isa = XCBuildConfiguration;
			baseConfigurationReference = 6B8121F8218D3E78C73C0F46 /* Pods-Uber.debug.xcconfig */;
			buildSettings = {
				ASSETCATALOG_COMPILER_APPICON_NAME = AppIcon;
				CODE_SIGN_STYLE = Automatic;
				DEVELOPMENT_TEAM = X3563PB3YJ;
				INFOPLIST_FILE = Uber/Info.plist;
				LD_RUNPATH_SEARCH_PATHS = "$(inherited) @executable_path/Frameworks";
				PRODUCT_BUNDLE_IDENTIFIER = com.giraffe.in.ua.Uber;
				PRODUCT_NAME = "$(TARGET_NAME)";
				SWIFT_VERSION = 4.0;
				TARGETED_DEVICE_FAMILY = "1,2";
			};
			name = Debug;
		};
		B7B778D71F83B48F000287CC /* Release */ = {
			isa = XCBuildConfiguration;
			baseConfigurationReference = F3750E61174011E4A12EA9B1 /* Pods-Uber.release.xcconfig */;
			buildSettings = {
				ASSETCATALOG_COMPILER_APPICON_NAME = AppIcon;
				CODE_SIGN_STYLE = Automatic;
				DEVELOPMENT_TEAM = X3563PB3YJ;
				INFOPLIST_FILE = Uber/Info.plist;
				LD_RUNPATH_SEARCH_PATHS = "$(inherited) @executable_path/Frameworks";
				PRODUCT_BUNDLE_IDENTIFIER = com.giraffe.in.ua.Uber;
				PRODUCT_NAME = "$(TARGET_NAME)";
				SWIFT_VERSION = 4.0;
				TARGETED_DEVICE_FAMILY = "1,2";
			};
			name = Release;
		};
/* End XCBuildConfiguration section */

/* Begin XCConfigurationList section */
		B7B778BE1F83B48F000287CC /* Build configuration list for PBXProject "Uber" */ = {
			isa = XCConfigurationList;
			buildConfigurations = (
				B7B778D31F83B48F000287CC /* Debug */,
				B7B778D41F83B48F000287CC /* Release */,
			);
			defaultConfigurationIsVisible = 0;
			defaultConfigurationName = Release;
		};
		B7B778D51F83B48F000287CC /* Build configuration list for PBXNativeTarget "Uber" */ = {
			isa = XCConfigurationList;
			buildConfigurations = (
				B7B778D61F83B48F000287CC /* Debug */,
				B7B778D71F83B48F000287CC /* Release */,
			);
			defaultConfigurationIsVisible = 0;
			defaultConfigurationName = Release;
		};
/* End XCConfigurationList section */
	};
	rootObject = B7B778BB1F83B48F000287CC /* Project object */;
}
